hash: aa963bb1783c6d48ae4d7001851c87e2abb46cfbcdfd8a4792dbe766b7fafcd3
updated: 2017-02-27T10:22:14.549716708-07:00
imports:
- name: github.com/fsnotify/fsnotify
  version: 629574ca2a5df945712d3079857300b5e4da0236
- name: github.com/gorilla/feeds
  version: 441264de03a8117ed530ae8e049d8f601a33a099
- name: github.com/russross/blackfriday
  version: 0b647d0506a698cca42caca173e55559b12a69f2
- name: github.com/shurcooL/sanitized_anchor_name
  version: 10ef21a441db47d8b13ebcc5fd2310f636973c77
- name: github.com/ylih/extrasys
  version: 48c6a025836d8f4eb4ffd5470ceafcf140932118
testImports: []
